
Microsoft Visual Studio Solution File, Format Version 12.00
# Visual Studio Version 17
VisualStudioVersion = 17.7.34024.191
MinimumVisualStudioVersion = 10.0.40219.1
Project("{FAE04EC0-301F-11D3-BF4B-00C04F79EFBC}") = "ImageDownsizer", "ImageDownsizer.csproj", "{EB50A982-C573-4A4B-8DEA-729562E54886}"
EndProject
Global
	GlobalSection(SolutionConfigurationPlatforms) = preSolution
		Debug|Any CPU = Debug|Any CPU
		Release|Any CPU = Release|Any CPU
	EndGlobalSection
	GlobalSection(ProjectConfigurationPlatforms) = postSolution
		{EB50A982-C573-4A4B-8DEA-729562E54886}.Debug|Any CPU.ActiveCfg = Debug|Any CPU
		{EB50A982-C573-4A4B-8DEA-729562E54886}.Debug|Any CPU.Build.0 = Debug|Any CPU
		{EB50A982-C573-4A4B-8DEA-729562E54886}.Release|Any CPU.ActiveCfg = Release|Any CPU
		{EB50A982-C573-4A4B-8DEA-729562E54886}.Release|Any CPU.Build.0 = Release|Any CPU
	EndGlobalSection
	GlobalSection(SolutionProperties) = preSolution
		HideSolutionNode = FALSE
	EndGlobalSection
	GlobalSection(ExtensibilityGlobals) = postSolution
		SolutionGuid = {8411A7EF-5A0A-4965-A7C2-9DCE924599FD}
	EndGlobalSection
EndGlobal
